# Python 3.12 / manylinux2014 x86_64 wheels; all transitive dependencies pinned.
certifi==2026.7.22 --hash=sha256:62f22742b58a1a33014a2b6b706588a8d7e2a88ae7bd1a6ebe8c992928483775
cffi==2.1.1 --hash=sha256:c1453022f490d2459a11819d83ad1d586e9ff65a12ac3e705ffebd46d3685dcf
charset_normalizer==3.5.2 --hash=sha256:3d31298449090ab8d47b7b1b2a555ff73cac7ed438a08b7ac160980c7ebed649
curl_cffi==0.16.3 --hash=sha256:a875a661e2f9a949be29454880bbb9553307a487c4c08819738298cf5c1622e2
garminconnect==0.3.17 --hash=sha256:624d8c2468d865d286c9fb7ae8133633bb1d52a2b019c8beb5ff9ae10dd43264
idna==3.20 --hash=sha256:ab7ae7122974553370f0bdb919e1a960b2cd1bc1ef0276416d896db81c14582c
pycparser==3.1 --hash=sha256:f09d358c840bd147b79e55f2bc494f18ea869dc897f5852a8f5766b74f787882
requests==2.34.2 --hash=sha256:2a0d60c172f83ac6ab31e4554906c0f3b3588d37b5cb939b1c061f4907e278e0
ua_generator==2.1.6 --hash=sha256:877285e6adab3d6b0f9b295d954d121fc21a0305be8526038218e8f08be76df6
urllib3==2.8.0 --hash=sha256:0cf3cae568d36aa9576b28dfb35f11328f1cb974ca7647d9475ebb86c75ac6e3
